Microsoft Visual Studio Solution File, Format Version 12.00
# Visual Studio Version 17
VisualStudioVersion = 17.5.2.0
MinimumVisualStudioVersion = 10.0.40219.1
Project("{FAE04EC0-301F-11D3-BF4B-00C04F79EFBC}") = "CentroEventos.Aplicacion", "CentroEventos.Aplicacion.csproj", "{63F910AA-9426-C1CA-BE1D-358C8958E3DF}"
EndProject
Global
	GlobalSection(SolutionConfigurationPlatforms) = preSolution
		Debug|Any CPU = Debug|Any CPU
		Release|Any CPU = Release|Any CPU
	EndGlobalSection
	GlobalSection(ProjectConfigurationPlatforms) = postSolution
		{63F910AA-9426-C1CA-BE1D-358C8958E3DF}.Debug|Any CPU.ActiveCfg = Debug|Any CPU
		{63F910AA-9426-C1CA-BE1D-358C8958E3DF}.Debug|Any CPU.Build.0 = Debug|Any CPU
		{63F910AA-9426-C1CA-BE1D-358C8958E3DF}.Release|Any CPU.ActiveCfg = Release|Any CPU
		{63F910AA-9426-C1CA-BE1D-358C8958E3DF}.Release|Any CPU.Build.0 = Release|Any CPU
	EndGlobalSection
	GlobalSection(SolutionProperties) = preSolution
		HideSolutionNode = FALSE
	EndGlobalSection
	GlobalSection(ExtensibilityGlobals) = postSolution
		SolutionGuid = {C3390EAB-A5C8-447D-A818-2D88C367F46A}
	EndGlobalSection
EndGlobal
